{
  "object": {
    "pins": [
      {
        "package": "Apollo",
        "repositoryURL": "https://github.com/apollographql/apollo-ios",
        "state": {
          "branch": null,
          "revision": "0928061a06147bf973a921d424a4d871c7c30bf0",
          "version": "0.9.0"
        }
      },
      {
        "package": "KeychainAccess",
        "repositoryURL": "https://github.com/kishikawakatsumi/keychainaccess",
        "state": {
          "branch": null,
          "revision": "b2233a86ef693f1d7da80e3ced8ad86aacf85068",
          "version": "3.1.1"
        }
      },
      {
        "package": "Yams",
        "repositoryURL": "https://github.com/jpsim/yams",
        "state": {
          "branch": null,
          "revision": "618582e09699b577fa183bab7d88e3ee7d9a1d19",
          "version": "1.0.0"
        }
      }
    ]
  },
  "version": 1
}
